
Microsoft Visual Studio Solution File, Format Version 12.00
# Visual Studio 15
VisualStudioVersion = 15.0.28307.645
MinimumVisualStudioVersion = 10.0.40219.1
Project("{FAE04EC0-301F-11D3-BF4B-00C04F79EFBC}") = "DKPLuaAutomatedBackup", "DKPLuaAutomatedBackup\DKPLuaAutomatedBackup.csproj", "{63793D4B-FB23-4D70-BA27-6674BD0D1D07}"
EndProject
Global
	GlobalSection(SolutionConfigurationPlatforms) = preSolution
		Debug|Any CPU = Debug|Any CPU
		Release|Any CPU = Release|Any CPU
	EndGlobalSection
	GlobalSection(ProjectConfigurationPlatforms) = postSolution
		{63793D4B-FB23-4D70-BA27-6674BD0D1D07}.Debug|Any CPU.ActiveCfg = Debug|Any CPU
		{63793D4B-FB23-4D70-BA27-6674BD0D1D07}.Debug|Any CPU.Build.0 = Debug|Any CPU
		{63793D4B-FB23-4D70-BA27-6674BD0D1D07}.Release|Any CPU.ActiveCfg = Release|Any CPU
		{63793D4B-FB23-4D70-BA27-6674BD0D1D07}.Release|Any CPU.Build.0 = Release|Any CPU
	EndGlobalSection
	GlobalSection(SolutionProperties) = preSolution
		HideSolutionNode = FALSE
	EndGlobalSection
	GlobalSection(ExtensibilityGlobals) = postSolution
		SolutionGuid = {D287CA8A-1008-4331-8E66-72B0C4813128}
	EndGlobalSection
EndGlobal
